
Microsoft Visual Studio Solution File, Format Version 12.00
# Visual Studio Version 16
VisualStudioVersion = 16.0.29306.81
MinimumVisualStudioVersion = 10.0.40219.1
Project("{FAE04EC0-301F-11D3-BF4B-00C04F79EFBC}") = "2048", "2048\2048.csproj", "{6DCEDF5A-48E7-477B-AB7F-7F5D1862D869}"
EndProject
Global
	GlobalSection(SolutionConfigurationPlatforms) = preSolution
		Debug|Any CPU = Debug|Any CPU
		Release|Any CPU = Release|Any CPU
	EndGlobalSection
	GlobalSection(ProjectConfigurationPlatforms) = postSolution
		{6DCEDF5A-48E7-477B-AB7F-7F5D1862D869}.Debug|Any CPU.ActiveCfg = Debug|Any CPU
		{6DCEDF5A-48E7-477B-AB7F-7F5D1862D869}.Debug|Any CPU.Build.0 = Debug|Any CPU
		{6DCEDF5A-48E7-477B-AB7F-7F5D1862D869}.Release|Any CPU.ActiveCfg = Release|Any CPU
		{6DCEDF5A-48E7-477B-AB7F-7F5D1862D869}.Release|Any CPU.Build.0 = Release|Any CPU
	EndGlobalSection
	GlobalSection(SolutionProperties) = preSolution
		HideSolutionNode = FALSE
	EndGlobalSection
	GlobalSection(ExtensibilityGlobals) = postSolution
		SolutionGuid = {635349E6-6E51-4CFC-B946-0DAB8BECBE97}
	EndGlobalSection
EndGlobal
